
Microsoft Visual Studio Solution File, Format Version 12.00
# Visual Studio Version 16
VisualStudioVersion = 16.0.30011.22
MinimumVisualStudioVersion = 10.0.40219.1
Project("{9A19103F-16F7-4668-BE54-9A1E7A4F7556}") = "Meme-Platform-Discord-Plugin", "Meme-Platform-Discord-Plugin\Meme-Platform-Discord-Plugin.csproj", "{5C6440D6-0283-4FF8-B7CA-525D505E38ED}"
EndProject
Project("{FAE04EC0-301F-11D3-BF4B-00C04F79EFBC}") = "Discord-Webhook-Test", "Discord-Webhook-Test\Discord-Webhook-Test.csproj", "{53190126-D5FF-4140-B614-E73AEFFC32BB}"
EndProject
Global
	GlobalSection(SolutionConfigurationPlatforms) = preSolution
		Debug|Any CPU = Debug|Any CPU
		Release|Any CPU = Release|Any CPU
	EndGlobalSection
	GlobalSection(ProjectConfigurationPlatforms) = postSolution
		{5C6440D6-0283-4FF8-B7CA-525D505E38ED}.Debug|Any CPU.ActiveCfg = Debug|Any CPU
		{5C6440D6-0283-4FF8-B7CA-525D505E38ED}.Debug|Any CPU.Build.0 = Debug|Any CPU
		{5C6440D6-0283-4FF8-B7CA-525D505E38ED}.Release|Any CPU.ActiveCfg = Release|Any CPU
		{5C6440D6-0283-4FF8-B7CA-525D505E38ED}.Release|Any CPU.Build.0 = Release|Any CPU
		{53190126-D5FF-4140-B614-E73AEFFC32BB}.Debug|Any CPU.ActiveCfg = Debug|Any CPU
		{53190126-D5FF-4140-B614-E73AEFFC32BB}.Debug|Any CPU.Build.0 = Debug|Any CPU
		{53190126-D5FF-4140-B614-E73AEFFC32BB}.Release|Any CPU.ActiveCfg = Release|Any CPU
		{53190126-D5FF-4140-B614-E73AEFFC32BB}.Release|Any CPU.Build.0 = Release|Any CPU
	EndGlobalSection
	GlobalSection(SolutionProperties) = preSolution
		HideSolutionNode = FALSE
	EndGlobalSection
	GlobalSection(ExtensibilityGlobals) = postSolution
		SolutionGuid = {2CB3A3F9-B93F-4FE5-9FE9-A92CAD1431B3}
	EndGlobalSection
EndGlobal
